
Microsoft Visual Studio Solution File, Format Version 12.00
# Visual Studio Version 17
VisualStudioVersion = 17.7.34031.279
MinimumVisualStudioVersion = 10.0.40219.1
Project("{9A19103F-16F7-4668-BE54-9A1E7A4F7556}") = "WorkoutApp", "WorkoutApp\WorkoutApp.csproj", "{DC2AD7C8-8204-4D48-A15C-C21A0F609FFE}"
	ProjectSection(ProjectDependencies) = postProject
		{5ADC39B8-B855-4D54-8D60-D7C9CD3EFC13} = {5ADC39B8-B855-4D54-8D60-D7C9CD3EFC13}
		{954AE409-B7AF-406E-8B31-D12ADCA83A2C} = {954AE409-B7AF-406E-8B31-D12ADCA83A2C}
		{E8B63490-4E22-4D2B-AD74-86C7BD0FF2D4} = {E8B63490-4E22-4D2B-AD74-86C7BD0FF2D4}
		{F605DE8A-08D9-4A3A-A2AF-30211E3B744B} = {F605DE8A-08D9-4A3A-A2AF-30211E3B744B}
	EndProjectSection
EndProject
Project("{9A19103F-16F7-4668-BE54-9A1E7A4F7556}") = "DALEF", "DALEF\DALEF.csproj", "{954AE409-B7AF-406E-8B31-D12ADCA83A2C}"
	ProjectSection(ProjectDependencies) = postProject
		{E8B63490-4E22-4D2B-AD74-86C7BD0FF2D4} = {E8B63490-4E22-4D2B-AD74-86C7BD0FF2D4}
	EndProjectSection
EndProject
Project("{9A19103F-16F7-4668-BE54-9A1E7A4F7556}") = "DALInterfaces", "DALInterfaces\DALInterfaces.csproj", "{E8B63490-4E22-4D2B-AD74-86C7BD0FF2D4}"
EndProject
Project("{FAE04EC0-301F-11D3-BF4B-00C04F79EFBC}") = "BusinessLayer", "BusinessLayer\BusinessLayer.csproj", "{5ADC39B8-B855-4D54-8D60-D7C9CD3EFC13}"
	ProjectSection(ProjectDependencies) = postProject
		{F605DE8A-08D9-4A3A-A2AF-30211E3B744B} = {F605DE8A-08D9-4A3A-A2AF-30211E3B744B}
	EndProjectSection
EndProject
Project("{FAE04EC0-301F-11D3-BF4B-00C04F79EFBC}") = "BusinessLayerInterfaces", "BusinessInterfaces\BusinessLayerInterfaces.csproj", "{F605DE8A-08D9-4A3A-A2AF-30211E3B744B}"
	ProjectSection(ProjectDependencies) = postProject
		{E8B63490-4E22-4D2B-AD74-86C7BD0FF2D4} = {E8B63490-4E22-4D2B-AD74-86C7BD0FF2D4}
	EndProjectSection
EndProject
Global
	GlobalSection(SolutionConfigurationPlatforms) = preSolution
		Debug|Any CPU = Debug|Any CPU
		Release|Any CPU = Release|Any CPU
	EndGlobalSection
	GlobalSection(ProjectConfigurationPlatforms) = postSolution
		{DC2AD7C8-8204-4D48-A15C-C21A0F609FFE}.Debug|Any CPU.ActiveCfg = Debug|Any CPU
		{DC2AD7C8-8204-4D48-A15C-C21A0F609FFE}.Debug|Any CPU.Build.0 = Debug|Any CPU
		{DC2AD7C8-8204-4D48-A15C-C21A0F609FFE}.Release|Any CPU.ActiveCfg = Release|Any CPU
		{DC2AD7C8-8204-4D48-A15C-C21A0F609FFE}.Release|Any CPU.Build.0 = Release|Any CPU
		{954AE409-B7AF-406E-8B31-D12ADCA83A2C}.Debug|Any CPU.ActiveCfg = Debug|Any CPU
		{954AE409-B7AF-406E-8B31-D12ADCA83A2C}.Debug|Any CPU.Build.0 = Debug|Any CPU
		{954AE409-B7AF-406E-8B31-D12ADCA83A2C}.Release|Any CPU.ActiveCfg = Release|Any CPU
		{954AE409-B7AF-406E-8B31-D12ADCA83A2C}.Release|Any CPU.Build.0 = Release|Any CPU
		{E8B63490-4E22-4D2B-AD74-86C7BD0FF2D4}.Debug|Any CPU.ActiveCfg = Debug|Any CPU
		{E8B63490-4E22-4D2B-AD74-86C7BD0FF2D4}.Debug|Any CPU.Build.0 = Debug|Any CPU
		{E8B63490-4E22-4D2B-AD74-86C7BD0FF2D4}.Release|Any CPU.ActiveCfg = Release|Any CPU
		{E8B63490-4E22-4D2B-AD74-86C7BD0FF2D4}.Release|Any CPU.Build.0 = Release|Any CPU
		{5ADC39B8-B855-4D54-8D60-D7C9CD3EFC13}.Debug|Any CPU.ActiveCfg = Debug|Any CPU
		{5ADC39B8-B855-4D54-8D60-D7C9CD3EFC13}.Debug|Any CPU.Build.0 = Debug|Any CPU
		{5ADC39B8-B855-4D54-8D60-D7C9CD3EFC13}.Release|Any CPU.ActiveCfg = Release|Any CPU
		{5ADC39B8-B855-4D54-8D60-D7C9CD3EFC13}.Release|Any CPU.Build.0 = Release|Any CPU
		{F605DE8A-08D9-4A3A-A2AF-30211E3B744B}.Debug|Any CPU.ActiveCfg = Debug|Any CPU
		{F605DE8A-08D9-4A3A-A2AF-30211E3B744B}.Debug|Any CPU.Build.0 = Debug|Any CPU
		{F605DE8A-08D9-4A3A-A2AF-30211E3B744B}.Release|Any CPU.ActiveCfg = Release|Any CPU
		{F605DE8A-08D9-4A3A-A2AF-30211E3B744B}.Release|Any CPU.Build.0 = Release|Any CPU
	EndGlobalSection
	GlobalSection(SolutionProperties) = preSolution
		HideSolutionNode = FALSE
	EndGlobalSection
	GlobalSection(ExtensibilityGlobals) = postSolution
		SolutionGuid = {7424B80D-FE78-4E89-B0A9-21D7679F5167}
	EndGlobalSection
EndGlobal
